
Microsoft Visual Studio Solution File, Format Version 12.00
# Visual Studio Version 17
VisualStudioVersion = 17.11.35312.102
MinimumVisualStudioVersion = 10.0.40219.1
Project("{FAE04EC0-301F-11D3-BF4B-00C04F79EFBC}") = "01_MainSubjects", "01_MainSubjects\01_MainSubjects.csproj", "{BF587170-4B96-4641-A9A0-0519215D642F}"
EndProject
Project("{FAE04EC0-301F-11D3-BF4B-00C04F79EFBC}") = "02_Variables", "02_Variables\02_Variables.csproj", "{809EA4B6-3FD6-4427-B8A2-24B09589C038}"
EndProject
Project("{FAE04EC0-301F-11D3-BF4B-00C04F79EFBC}") = "03_MakingDecision", "03_MakingDecision\03_MakingDecision.csproj", "{1DE76BB0-3BC3-48F9-9821-7A1159A5D0E5}"
EndProject
Project("{FAE04EC0-301F-11D3-BF4B-00C04F79EFBC}") = "04_Loops", "04_Loops\04_Loops.csproj", "{668AEAA9-F7AB-474A-BD11-AA23C77A0E0A}"
EndProject
Project("{FAE04EC0-301F-11D3-BF4B-00C04F79EFBC}") = "05_LoopsWithStarts", "05_LoopsWithStarts\05_LoopsWithStarts.csproj", "{22E30735-EE80-43C5-9513-A6154D0BC1A6}"
EndProject
Project("{FAE04EC0-301F-11D3-BF4B-00C04F79EFBC}") = "06_Arrays", "06_Arrays\06_Arrays.csproj", "{BD002515-BB83-4FC1-9E46-8BEAF925A255}"
EndProject
Project("{FAE04EC0-301F-11D3-BF4B-00C04F79EFBC}") = "07_ForeachLoop", "07_ForeachLoop\07_ForeachLoop.csproj", "{342DEBD3-13F3-44FD-B2D4-EF3971746A4E}"
EndProject
Project("{FAE04EC0-301F-11D3-BF4B-00C04F79EFBC}") = "08_Methods", "08_Methods\08_Methods.csproj", "{970B44D8-CCF2-447A-A556-6CE597D5E4F8}"
EndProject
Project("{FAE04EC0-301F-11D3-BF4B-00C04F79EFBC}") = "09_DatabaseProject", "09_DatabaseProject\09_DatabaseProject.csproj", "{BE0A7F77-2FC9-4C12-AB57-BA872C9EC177}"
EndProject
Global
	GlobalSection(SolutionConfigurationPlatforms) = preSolution
		Debug|Any CPU = Debug|Any CPU
		Release|Any CPU = Release|Any CPU
	EndGlobalSection
	GlobalSection(ProjectConfigurationPlatforms) = postSolution
		{BF587170-4B96-4641-A9A0-0519215D642F}.Debug|Any CPU.ActiveCfg = Debug|Any CPU
		{BF587170-4B96-4641-A9A0-0519215D642F}.Debug|Any CPU.Build.0 = Debug|Any CPU
		{BF587170-4B96-4641-A9A0-0519215D642F}.Release|Any CPU.ActiveCfg = Release|Any CPU
		{BF587170-4B96-4641-A9A0-0519215D642F}.Release|Any CPU.Build.0 = Release|Any CPU
		{809EA4B6-3FD6-4427-B8A2-24B09589C038}.Debug|Any CPU.ActiveCfg = Debug|Any CPU
		{809EA4B6-3FD6-4427-B8A2-24B09589C038}.Debug|Any CPU.Build.0 = Debug|Any CPU
		{809EA4B6-3FD6-4427-B8A2-24B09589C038}.Release|Any CPU.ActiveCfg = Release|Any CPU
		{809EA4B6-3FD6-4427-B8A2-24B09589C038}.Release|Any CPU.Build.0 = Release|Any CPU
		{1DE76BB0-3BC3-48F9-9821-7A1159A5D0E5}.Debug|Any CPU.ActiveCfg = Debug|Any CPU
		{1DE76BB0-3BC3-48F9-9821-7A1159A5D0E5}.Debug|Any CPU.Build.0 = Debug|Any CPU
		{1DE76BB0-3BC3-48F9-9821-7A1159A5D0E5}.Release|Any CPU.ActiveCfg = Release|Any CPU
		{1DE76BB0-3BC3-48F9-9821-7A1159A5D0E5}.Release|Any CPU.Build.0 = Release|Any CPU
		{668AEAA9-F7AB-474A-BD11-AA23C77A0E0A}.Debug|Any CPU.ActiveCfg = Debug|Any CPU
		{668AEAA9-F7AB-474A-BD11-AA23C77A0E0A}.Debug|Any CPU.Build.0 = Debug|Any CPU
		{668AEAA9-F7AB-474A-BD11-AA23C77A0E0A}.Release|Any CPU.ActiveCfg = Release|Any CPU
		{668AEAA9-F7AB-474A-BD11-AA23C77A0E0A}.Release|Any CPU.Build.0 = Release|Any CPU
		{22E30735-EE80-43C5-9513-A6154D0BC1A6}.Debug|Any CPU.ActiveCfg = Debug|Any CPU
		{22E30735-EE80-43C5-9513-A6154D0BC1A6}.Debug|Any CPU.Build.0 = Debug|Any CPU
		{22E30735-EE80-43C5-9513-A6154D0BC1A6}.Release|Any CPU.ActiveCfg = Release|Any CPU
		{22E30735-EE80-43C5-9513-A6154D0BC1A6}.Release|Any CPU.Build.0 = Release|Any CPU
		{BD002515-BB83-4FC1-9E46-8BEAF925A255}.Debug|Any CPU.ActiveCfg = Debug|Any CPU
		{BD002515-BB83-4FC1-9E46-8BEAF925A255}.Debug|Any CPU.Build.0 = Debug|Any CPU
		{BD002515-BB83-4FC1-9E46-8BEAF925A255}.Release|Any CPU.ActiveCfg = Release|Any CPU
		{BD002515-BB83-4FC1-9E46-8BEAF925A255}.Release|Any CPU.Build.0 = Release|Any CPU
		{342DEBD3-13F3-44FD-B2D4-EF3971746A4E}.Debug|Any CPU.ActiveCfg = Debug|Any CPU
		{342DEBD3-13F3-44FD-B2D4-EF3971746A4E}.Debug|Any CPU.Build.0 = Debug|Any CPU
		{342DEBD3-13F3-44FD-B2D4-EF3971746A4E}.Release|Any CPU.ActiveCfg = Release|Any CPU
		{342DEBD3-13F3-44FD-B2D4-EF3971746A4E}.Release|Any CPU.Build.0 = Release|Any CPU
		{970B44D8-CCF2-447A-A556-6CE597D5E4F8}.Debug|Any CPU.ActiveCfg = Debug|Any CPU
		{970B44D8-CCF2-447A-A556-6CE597D5E4F8}.Debug|Any CPU.Build.0 = Debug|Any CPU
		{970B44D8-CCF2-447A-A556-6CE597D5E4F8}.Release|Any CPU.ActiveCfg = Release|Any CPU
		{970B44D8-CCF2-447A-A556-6CE597D5E4F8}.Release|Any CPU.Build.0 = Release|Any CPU
		{BE0A7F77-2FC9-4C12-AB57-BA872C9EC177}.Debug|Any CPU.ActiveCfg = Debug|Any CPU
		{BE0A7F77-2FC9-4C12-AB57-BA872C9EC177}.Debug|Any CPU.Build.0 = Debug|Any CPU
		{BE0A7F77-2FC9-4C12-AB57-BA872C9EC177}.Release|Any CPU.ActiveCfg = Release|Any CPU
		{BE0A7F77-2FC9-4C12-AB57-BA872C9EC177}.Release|Any CPU.Build.0 = Release|Any CPU
	EndGlobalSection
	GlobalSection(SolutionProperties) = preSolution
		HideSolutionNode = FALSE
	EndGlobalSection
	GlobalSection(ExtensibilityGlobals) = postSolution
		SolutionGuid = {B06792B7-16FF-4C0D-8F44-F700DC0FA122}
	EndGlobalSection
EndGlobal
